
Microsoft Visual Studio Solution File, Format Version 12.00
Project("{FAE04EC0-301F-11D3-BF4B-00C04F79EFBC}") = "Day1", "Day1\Day1.csproj", "{A2978533-62D0-46E8-9C66-ACDD8602A2A1}"
EndProject
Project("{FAE04EC0-301F-11D3-BF4B-00C04F79EFBC}") = "Day2", "Day2\Day2.csproj", "{763D7F22-B380-4741-820F-899809CC9DA4}"
EndProject
Project("{FAE04EC0-301F-11D3-BF4B-00C04F79EFBC}") = "Day3", "Day3\Day3.csproj", "{05578FF5-27F0-43B4-8D54-989BC08D6BB7}"
EndProject
Project("{FAE04EC0-301F-11D3-BF4B-00C04F79EFBC}") = "Day4", "Day4\Day4.csproj", "{27DD7502-6D7D-419A-A294-9E8CE580F8E0}"
EndProject
Project("{FAE04EC0-301F-11D3-BF4B-00C04F79EFBC}") = "Day5", "Day5\Day5.csproj", "{407BE55E-2084-4B05-900F-92E7BD3D54D2}"
EndProject
Project("{FAE04EC0-301F-11D3-BF4B-00C04F79EFBC}") = "Day7", "Day7\Day7.csproj", "{47D3D605-F713-4134-B87A-353003D5E33F}"
EndProject
Project("{FAE04EC0-301F-11D3-BF4B-00C04F79EFBC}") = "Day6", "Day6\Day6.csproj", "{9CE82E52-D247-4A89-AB3A-F73B6A1C80A8}"
EndProject
Project("{FAE04EC0-301F-11D3-BF4B-00C04F79EFBC}") = "Day8", "Day8\Day8.csproj", "{C67B3B4E-F114-467E-9659-D94D44D71DAA}"
EndProject
Project("{FAE04EC0-301F-11D3-BF4B-00C04F79EFBC}") = "Day9", "Day9\Day9.csproj", "{9C3C4B05-908A-48E0-B945-16E22E804AB8}"
EndProject
Project("{FAE04EC0-301F-11D3-BF4B-00C04F79EFBC}") = "Day10", "Day10\Day10.csproj", "{503EBD4B-BCB6-4E23-A601-68E1E1BAC270}"
EndProject
Project("{FAE04EC0-301F-11D3-BF4B-00C04F79EFBC}") = "Day11", "Day11\Day11.csproj", "{EFBC7A15-1ACE-4CD1-B1D5-67E22DCD12EE}"
EndProject
Project("{FAE04EC0-301F-11D3-BF4B-00C04F79EFBC}") = "Day12", "Day12\Day12.csproj", "{E573794D-6757-4A30-B0A0-F5E47638E503}"
EndProject
Project("{FAE04EC0-301F-11D3-BF4B-00C04F79EFBC}") = "Day13", "Day13\Day13.csproj", "{B952D5E7-10D6-4706-A75A-D093A597B8E3}"
EndProject
Project("{FAE04EC0-301F-11D3-BF4B-00C04F79EFBC}") = "Day14", "Day14\Day14.csproj", "{5DFB92D5-59AA-489F-9B22-7ED7FEED4699}"
EndProject
Project("{FAE04EC0-301F-11D3-BF4B-00C04F79EFBC}") = "Day15", "Day15\Day15.csproj", "{E816B03E-14F7-4670-AF8F-E2454745022D}"
EndProject
Project("{FAE04EC0-301F-11D3-BF4B-00C04F79EFBC}") = "Day16", "Day16\Day16.csproj", "{025B2D60-A794-4A7E-BD3F-3A219D80A159}"
EndProject
Global
	GlobalSection(SolutionConfigurationPlatforms) = preSolution
		Debug|Any CPU = Debug|Any CPU
		Release|Any CPU = Release|Any CPU
	EndGlobalSection
	GlobalSection(ProjectConfigurationPlatforms) = postSolution
		{A2978533-62D0-46E8-9C66-ACDD8602A2A1}.Debug|Any CPU.ActiveCfg = Debug|Any CPU
		{A2978533-62D0-46E8-9C66-ACDD8602A2A1}.Debug|Any CPU.Build.0 = Debug|Any CPU
		{A2978533-62D0-46E8-9C66-ACDD8602A2A1}.Release|Any CPU.ActiveCfg = Release|Any CPU
		{A2978533-62D0-46E8-9C66-ACDD8602A2A1}.Release|Any CPU.Build.0 = Release|Any CPU
		{763D7F22-B380-4741-820F-899809CC9DA4}.Debug|Any CPU.ActiveCfg = Debug|Any CPU
		{763D7F22-B380-4741-820F-899809CC9DA4}.Debug|Any CPU.Build.0 = Debug|Any CPU
		{763D7F22-B380-4741-820F-899809CC9DA4}.Release|Any CPU.ActiveCfg = Release|Any CPU
		{763D7F22-B380-4741-820F-899809CC9DA4}.Release|Any CPU.Build.0 = Release|Any CPU
		{05578FF5-27F0-43B4-8D54-989BC08D6BB7}.Debug|Any CPU.ActiveCfg = Debug|Any CPU
		{05578FF5-27F0-43B4-8D54-989BC08D6BB7}.Debug|Any CPU.Build.0 = Debug|Any CPU
		{05578FF5-27F0-43B4-8D54-989BC08D6BB7}.Release|Any CPU.ActiveCfg = Release|Any CPU
		{05578FF5-27F0-43B4-8D54-989BC08D6BB7}.Release|Any CPU.Build.0 = Release|Any CPU
		{27DD7502-6D7D-419A-A294-9E8CE580F8E0}.Debug|Any CPU.ActiveCfg = Debug|Any CPU
		{27DD7502-6D7D-419A-A294-9E8CE580F8E0}.Debug|Any CPU.Build.0 = Debug|Any CPU
		{27DD7502-6D7D-419A-A294-9E8CE580F8E0}.Release|Any CPU.ActiveCfg = Release|Any CPU
		{27DD7502-6D7D-419A-A294-9E8CE580F8E0}.Release|Any CPU.Build.0 = Release|Any CPU
		{407BE55E-2084-4B05-900F-92E7BD3D54D2}.Debug|Any CPU.ActiveCfg = Debug|Any CPU
		{407BE55E-2084-4B05-900F-92E7BD3D54D2}.Debug|Any CPU.Build.0 = Debug|Any CPU
		{407BE55E-2084-4B05-900F-92E7BD3D54D2}.Release|Any CPU.ActiveCfg = Release|Any CPU
		{407BE55E-2084-4B05-900F-92E7BD3D54D2}.Release|Any CPU.Build.0 = Release|Any CPU
		{47D3D605-F713-4134-B87A-353003D5E33F}.Debug|Any CPU.ActiveCfg = Debug|Any CPU
		{47D3D605-F713-4134-B87A-353003D5E33F}.Debug|Any CPU.Build.0 = Debug|Any CPU
		{47D3D605-F713-4134-B87A-353003D5E33F}.Release|Any CPU.ActiveCfg = Release|Any CPU
		{47D3D605-F713-4134-B87A-353003D5E33F}.Release|Any CPU.Build.0 = Release|Any CPU
		{9CE82E52-D247-4A89-AB3A-F73B6A1C80A8}.Debug|Any CPU.ActiveCfg = Debug|Any CPU
		{9CE82E52-D247-4A89-AB3A-F73B6A1C80A8}.Debug|Any CPU.Build.0 = Debug|Any CPU
		{9CE82E52-D247-4A89-AB3A-F73B6A1C80A8}.Release|Any CPU.ActiveCfg = Release|Any CPU
		{9CE82E52-D247-4A89-AB3A-F73B6A1C80A8}.Release|Any CPU.Build.0 = Release|Any CPU
		{C67B3B4E-F114-467E-9659-D94D44D71DAA}.Debug|Any CPU.ActiveCfg = Debug|Any CPU
		{C67B3B4E-F114-467E-9659-D94D44D71DAA}.Debug|Any CPU.Build.0 = Debug|Any CPU
		{C67B3B4E-F114-467E-9659-D94D44D71DAA}.Release|Any CPU.ActiveCfg = Release|Any CPU
		{C67B3B4E-F114-467E-9659-D94D44D71DAA}.Release|Any CPU.Build.0 = Release|Any CPU
		{9C3C4B05-908A-48E0-B945-16E22E804AB8}.Debug|Any CPU.ActiveCfg = Debug|Any CPU
		{9C3C4B05-908A-48E0-B945-16E22E804AB8}.Debug|Any CPU.Build.0 = Debug|Any CPU
		{9C3C4B05-908A-48E0-B945-16E22E804AB8}.Release|Any CPU.ActiveCfg = Release|Any CPU
		{9C3C4B05-908A-48E0-B945-16E22E804AB8}.Release|Any CPU.Build.0 = Release|Any CPU
		{503EBD4B-BCB6-4E23-A601-68E1E1BAC270}.Debug|Any CPU.ActiveCfg = Debug|Any CPU
		{503EBD4B-BCB6-4E23-A601-68E1E1BAC270}.Debug|Any CPU.Build.0 = Debug|Any CPU
		{503EBD4B-BCB6-4E23-A601-68E1E1BAC270}.Release|Any CPU.ActiveCfg = Release|Any CPU
		{503EBD4B-BCB6-4E23-A601-68E1E1BAC270}.Release|Any CPU.Build.0 = Release|Any CPU
		{EFBC7A15-1ACE-4CD1-B1D5-67E22DCD12EE}.Debug|Any CPU.ActiveCfg = Debug|Any CPU
		{EFBC7A15-1ACE-4CD1-B1D5-67E22DCD12EE}.Debug|Any CPU.Build.0 = Debug|Any CPU
		{EFBC7A15-1ACE-4CD1-B1D5-67E22DCD12EE}.Release|Any CPU.ActiveCfg = Release|Any CPU
		{EFBC7A15-1ACE-4CD1-B1D5-67E22DCD12EE}.Release|Any CPU.Build.0 = Release|Any CPU
		{E573794D-6757-4A30-B0A0-F5E47638E503}.Debug|Any CPU.ActiveCfg = Debug|Any CPU
		{E573794D-6757-4A30-B0A0-F5E47638E503}.Debug|Any CPU.Build.0 = Debug|Any CPU
		{E573794D-6757-4A30-B0A0-F5E47638E503}.Release|Any CPU.ActiveCfg = Release|Any CPU
		{E573794D-6757-4A30-B0A0-F5E47638E503}.Release|Any CPU.Build.0 = Release|Any CPU
		{B952D5E7-10D6-4706-A75A-D093A597B8E3}.Debug|Any CPU.ActiveCfg = Debug|Any CPU
		{B952D5E7-10D6-4706-A75A-D093A597B8E3}.Debug|Any CPU.Build.0 = Debug|Any CPU
		{B952D5E7-10D6-4706-A75A-D093A597B8E3}.Release|Any CPU.ActiveCfg = Release|Any CPU
		{B952D5E7-10D6-4706-A75A-D093A597B8E3}.Release|Any CPU.Build.0 = Release|Any CPU
		{5DFB92D5-59AA-489F-9B22-7ED7FEED4699}.Debug|Any CPU.ActiveCfg = Debug|Any CPU
		{5DFB92D5-59AA-489F-9B22-7ED7FEED4699}.Debug|Any CPU.Build.0 = Debug|Any CPU
		{5DFB92D5-59AA-489F-9B22-7ED7FEED4699}.Release|Any CPU.ActiveCfg = Release|Any CPU
		{5DFB92D5-59AA-489F-9B22-7ED7FEED4699}.Release|Any CPU.Build.0 = Release|Any CPU
		{E816B03E-14F7-4670-AF8F-E2454745022D}.Debug|Any CPU.ActiveCfg = Debug|Any CPU
		{E816B03E-14F7-4670-AF8F-E2454745022D}.Debug|Any CPU.Build.0 = Debug|Any CPU
		{E816B03E-14F7-4670-AF8F-E2454745022D}.Release|Any CPU.ActiveCfg = Release|Any CPU
		{E816B03E-14F7-4670-AF8F-E2454745022D}.Release|Any CPU.Build.0 = Release|Any CPU
		{025B2D60-A794-4A7E-BD3F-3A219D80A159}.Debug|Any CPU.ActiveCfg = Debug|Any CPU
		{025B2D60-A794-4A7E-BD3F-3A219D80A159}.Debug|Any CPU.Build.0 = Debug|Any CPU
		{025B2D60-A794-4A7E-BD3F-3A219D80A159}.Release|Any CPU.ActiveCfg = Release|Any CPU
		{025B2D60-A794-4A7E-BD3F-3A219D80A159}.Release|Any CPU.Build.0 = Release|Any CPU
	EndGlobalSection
EndGlobal
